
Microsoft Visual Studio Solution File, Format Version 12.00
# Visual Studio Version 16
VisualStudioVersion = 16.0.31515.178
MinimumVisualStudioVersion = 10.0.40219.1
Project("{FAE04EC0-301F-11D3-BF4B-00C04F79EFBC}") = "Football.Api", "Football.Api.csproj", "{6541CBC9-5700-4D05-802A-EEEE53EBAF8D}"
EndProject
Global
	GlobalSection(SolutionConfigurationPlatforms) = preSolution
		Debug|Any CPU = Debug|Any CPU
		Release|Any CPU = Release|Any CPU
	EndGlobalSection
	GlobalSection(ProjectConfigurationPlatforms) = postSolution
		{6541CBC9-5700-4D05-802A-EEEE53EBAF8D}.Debug|Any CPU.ActiveCfg = Debug|Any CPU
		{6541CBC9-5700-4D05-802A-EEEE53EBAF8D}.Debug|Any CPU.Build.0 = Debug|Any CPU
		{6541CBC9-5700-4D05-802A-EEEE53EBAF8D}.Release|Any CPU.ActiveCfg = Release|Any CPU
		{6541CBC9-5700-4D05-802A-EEEE53EBAF8D}.Release|Any CPU.Build.0 = Release|Any CPU
	EndGlobalSection
	GlobalSection(SolutionProperties) = preSolution
		HideSolutionNode = FALSE
	EndGlobalSection
	GlobalSection(ExtensibilityGlobals) = postSolution
		SolutionGuid = {F5CD4A57-6166-408D-A3C2-B009B5271526}
	EndGlobalSection
EndGlobal
